
Microsoft Visual Studio Solution File, Format Version 12.00
# Visual Studio 15
VisualStudioVersion = 15.0.27428.2043
MinimumVisualStudioVersion = 10.0.40219.1
Project("{FAE04EC0-301F-11D3-BF4B-00C04F79EFBC}") = "MD1", "MD1\MD1.csproj", "{0AB3A9FE-3183-4DB5-81BC-CA172FE0A4CA}"
EndProject
Global
	GlobalSection(SolutionConfigurationPlatforms) = preSolution
		Debug|Any CPU = Debug|Any CPU
		Release|Any CPU = Release|Any CPU
	EndGlobalSection
	GlobalSection(ProjectConfigurationPlatforms) = postSolution
		{0AB3A9FE-3183-4DB5-81BC-CA172FE0A4CA}.Debug|Any CPU.ActiveCfg = Debug|Any CPU
		{0AB3A9FE-3183-4DB5-81BC-CA172FE0A4CA}.Debug|Any CPU.Build.0 = Debug|Any CPU
		{0AB3A9FE-3183-4DB5-81BC-CA172FE0A4CA}.Release|Any CPU.ActiveCfg = Release|Any CPU
		{0AB3A9FE-3183-4DB5-81BC-CA172FE0A4CA}.Release|Any CPU.Build.0 = Release|Any CPU
	EndGlobalSection
	GlobalSection(SolutionProperties) = preSolution
		HideSolutionNode = FALSE
	EndGlobalSection
	GlobalSection(ExtensibilityGlobals) = postSolution
		SolutionGuid = {092A2689-B390-4526-AC99-05DDC57D0BD6}
	EndGlobalSection
EndGlobal
